
Microsoft Visual Studio Solution File, Format Version 12.00
# Visual Studio 15
VisualStudioVersion = 15.0.28010.2003
MinimumVisualStudioVersion = 10.0.40219.1
Project("{FAE04EC0-301F-11D3-BF4B-00C04F79EFBC}") = "programme2", "programme2\programme2.csproj", "{74D4CF39-E041-4349-B000-FBC354201F91}"
EndProject
Project("{FAE04EC0-301F-11D3-BF4B-00C04F79EFBC}") = "programme1", "programme1\programme1.csproj", "{5638DC4A-15C2-47F3-B400-8AE2E847E0BA}"
EndProject
Global
	GlobalSection(SolutionConfigurationPlatforms) = preSolution
		Debug|Any CPU = Debug|Any CPU
		Release|Any CPU = Release|Any CPU
	EndGlobalSection
	GlobalSection(ProjectConfigurationPlatforms) = postSolution
		{74D4CF39-E041-4349-B000-FBC354201F91}.Debug|Any CPU.ActiveCfg = Debug|Any CPU
		{74D4CF39-E041-4349-B000-FBC354201F91}.Debug|Any CPU.Build.0 = Debug|Any CPU
		{74D4CF39-E041-4349-B000-FBC354201F91}.Release|Any CPU.ActiveCfg = Release|Any CPU
		{74D4CF39-E041-4349-B000-FBC354201F91}.Release|Any CPU.Build.0 = Release|Any CPU
		{5638DC4A-15C2-47F3-B400-8AE2E847E0BA}.Debug|Any CPU.ActiveCfg = Debug|Any CPU
		{5638DC4A-15C2-47F3-B400-8AE2E847E0BA}.Debug|Any CPU.Build.0 = Debug|Any CPU
		{5638DC4A-15C2-47F3-B400-8AE2E847E0BA}.Release|Any CPU.ActiveCfg = Release|Any CPU
		{5638DC4A-15C2-47F3-B400-8AE2E847E0BA}.Release|Any CPU.Build.0 = Release|Any CPU
	EndGlobalSection
	GlobalSection(SolutionProperties) = preSolution
		HideSolutionNode = FALSE
	EndGlobalSection
	GlobalSection(ExtensibilityGlobals) = postSolution
		SolutionGuid = {87799E26-9BEA-4B20-BE6C-93B7C63784B1}
	EndGlobalSection
EndGlobal
