
Microsoft Visual Studio Solution File, Format Version 12.00
# Visual Studio 15
VisualStudioVersion = 15.0.28010.2003
MinimumVisualStudioVersion = 10.0.40219.1
Project("{FAE04EC0-301F-11D3-BF4B-00C04F79EFBC}") = "project1", "project1\project1.csproj", "{68F17A2E-5959-4D8E-86E1-82DE2074C72D}"
EndProject
Project("{FAE04EC0-301F-11D3-BF4B-00C04F79EFBC}") = "project2", "project2\project2.csproj", "{C3158B9F-D57D-4BE6-9703-13C4E47B8D98}"
EndProject
Global
	GlobalSection(SolutionConfigurationPlatforms) = preSolution
		Debug|Any CPU = Debug|Any CPU
		Release|Any CPU = Release|Any CPU
	EndGlobalSection
	GlobalSection(ProjectConfigurationPlatforms) = postSolution
		{68F17A2E-5959-4D8E-86E1-82DE2074C72D}.Debug|Any CPU.ActiveCfg = Debug|Any CPU
		{68F17A2E-5959-4D8E-86E1-82DE2074C72D}.Debug|Any CPU.Build.0 = Debug|Any CPU
		{68F17A2E-5959-4D8E-86E1-82DE2074C72D}.Release|Any CPU.ActiveCfg = Release|Any CPU
		{68F17A2E-5959-4D8E-86E1-82DE2074C72D}.Release|Any CPU.Build.0 = Release|Any CPU
		{C3158B9F-D57D-4BE6-9703-13C4E47B8D98}.Debug|Any CPU.ActiveCfg = Debug|Any CPU
		{C3158B9F-D57D-4BE6-9703-13C4E47B8D98}.Debug|Any CPU.Build.0 = Debug|Any CPU
		{C3158B9F-D57D-4BE6-9703-13C4E47B8D98}.Release|Any CPU.ActiveCfg = Release|Any CPU
		{C3158B9F-D57D-4BE6-9703-13C4E47B8D98}.Release|Any CPU.Build.0 = Release|Any CPU
	EndGlobalSection
	GlobalSection(SolutionProperties) = preSolution
		HideSolutionNode = FALSE
	EndGlobalSection
	GlobalSection(ExtensibilityGlobals) = postSolution
		SolutionGuid = {A0799582-8D44-4E8E-9694-E44AC20AB483}
	EndGlobalSection
EndGlobal
